
Microsoft Visual Studio Solution File, Format Version 12.00
# Visual Studio Version 17
VisualStudioVersion = 17.7.34221.43
MinimumVisualStudioVersion = 10.0.40219.1
Project("{8BC9CEB8-8B4A-11D0-8D11-00A0C91BC942}") = "MED_Project", "MED_Project\MED_Project.vcxproj", "{C42E4B1F-ED4F-48E0-923E-ECADCA669A4D}"
EndProject
Global
	GlobalSection(SolutionConfigurationPlatforms) = preSolution
		Debug|x64 = Debug|x64
		Debug|x86 = Debug|x86
		Release|x64 = Release|x64
		Release|x86 = Release|x86
	EndGlobalSection
	GlobalSection(ProjectConfigurationPlatforms) = postSolution
		{C42E4B1F-ED4F-48E0-923E-ECADCA669A4D}.Debug|x64.ActiveCfg = Debug|x64
		{C42E4B1F-ED4F-48E0-923E-ECADCA669A4D}.Debug|x64.Build.0 = Debug|x64
		{C42E4B1F-ED4F-48E0-923E-ECADCA669A4D}.Debug|x86.ActiveCfg = Debug|Win32
		{C42E4B1F-ED4F-48E0-923E-ECADCA669A4D}.Debug|x86.Build.0 = Debug|Win32
		{C42E4B1F-ED4F-48E0-923E-ECADCA669A4D}.Release|x64.ActiveCfg = Release|x64
		{C42E4B1F-ED4F-48E0-923E-ECADCA669A4D}.Release|x64.Build.0 = Release|x64
		{C42E4B1F-ED4F-48E0-923E-ECADCA669A4D}.Release|x86.ActiveCfg = Release|Win32
		{C42E4B1F-ED4F-48E0-923E-ECADCA669A4D}.Release|x86.Build.0 = Release|Win32
	EndGlobalSection
	GlobalSection(SolutionProperties) = preSolution
		HideSolutionNode = FALSE
	EndGlobalSection
	GlobalSection(ExtensibilityGlobals) = postSolution
		SolutionGuid = {A5D50E40-4BE9-4520-B7F3-25CFA66815D3}
	EndGlobalSection
EndGlobal
